
Microsoft Visual Studio Solution File, Format Version 12.00
# Visual Studio Version 17
VisualStudioVersion = 17.4.33205.214
MinimumVisualStudioVersion = 10.0.40219.1
Project("{FAE04EC0-301F-11D3-BF4B-00C04F79EFBC}") = "QueraQuests", "QueraQuests\QueraQuests.csproj", "{458BDE2B-09F8-46F4-BC20-1F101D777C25}"
EndProject
Global
	GlobalSection(SolutionConfigurationPlatforms) = preSolution
		Debug|Any CPU = Debug|Any CPU
		Release|Any CPU = Release|Any CPU
	EndGlobalSection
	GlobalSection(ProjectConfigurationPlatforms) = postSolution
		{458BDE2B-09F8-46F4-BC20-1F101D777C25}.Debug|Any CPU.ActiveCfg = Debug|Any CPU
		{458BDE2B-09F8-46F4-BC20-1F101D777C25}.Debug|Any CPU.Build.0 = Debug|Any CPU
		{458BDE2B-09F8-46F4-BC20-1F101D777C25}.Release|Any CPU.ActiveCfg = Release|Any CPU
		{458BDE2B-09F8-46F4-BC20-1F101D777C25}.Release|Any CPU.Build.0 = Release|Any CPU
	EndGlobalSection
	GlobalSection(SolutionProperties) = preSolution
		HideSolutionNode = FALSE
	EndGlobalSection
	GlobalSection(ExtensibilityGlobals) = postSolution
		SolutionGuid = {9D51BD15-AAAA-4304-9EDE-2380A98553D0}
	EndGlobalSection
EndGlobal
